
Microsoft Visual Studio Solution File, Format Version 11.00
# Visual C++ Express 2010
Project("{8BC9CEB8-8B4A-11D0-8D11-00A0C91BC942}") = "StyleGuide201607301718", "StyleGuide201607301718\StyleGuide201607301718.vcxproj", "{B6402158-EB6F-42D5-85D5-83A19858EE33}"
EndProject
Global
	GlobalSection(SolutionConfigurationPlatforms) = preSolution
		Debug|Win32 = Debug|Win32
		Release|Win32 = Release|Win32
	EndGlobalSection
	GlobalSection(ProjectConfigurationPlatforms) = postSolution
		{B6402158-EB6F-42D5-85D5-83A19858EE33}.Debug|Win32.ActiveCfg = Debug|Win32
		{B6402158-EB6F-42D5-85D5-83A19858EE33}.Debug|Win32.Build.0 = Debug|Win32
		{B6402158-EB6F-42D5-85D5-83A19858EE33}.Release|Win32.ActiveCfg = Release|Win32
		{B6402158-EB6F-42D5-85D5-83A19858EE33}.Release|Win32.Build.0 = Release|Win32
	EndGlobalSection
	GlobalSection(SolutionProperties) = preSolution
		HideSolutionNode = FALSE
	EndGlobalSection
EndGlobal
